
Microsoft Visual Studio Solution File, Format Version 12.00
# Visual Studio Version 16
VisualStudioVersion = 16.0.30907.101
MinimumVisualStudioVersion = 10.0.40219.1
Project("{FAE04EC0-301F-11D3-BF4B-00C04F79EFBC}") = "ByteDev.FilmLister.WindowsUi", "src\ByteDev.FilmLister.WindowsUi\ByteDev.FilmLister.WindowsUi.csproj", "{39F8C2AC-9E1A-4BEA-9D15-AC1B4DEA9406}"
EndProject
Project("{2150E333-8FDC-42A3-9474-1A3956D46DE8}") = "Docs", "Docs", "{2287A143-C45B-45D7-9CDB-99F470450AE8}"
	ProjectSection(SolutionItems) = preProject
		README.md = README.md
	EndProjectSection
EndProject
Global
	GlobalSection(SolutionConfigurationPlatforms) = preSolution
		Debug|Any CPU = Debug|Any CPU
		Release|Any CPU = Release|Any CPU
	EndGlobalSection
	GlobalSection(ProjectConfigurationPlatforms) = postSolution
		{39F8C2AC-9E1A-4BEA-9D15-AC1B4DEA9406}.Debug|Any CPU.ActiveCfg = Debug|Any CPU
		{39F8C2AC-9E1A-4BEA-9D15-AC1B4DEA9406}.Debug|Any CPU.Build.0 = Debug|Any CPU
		{39F8C2AC-9E1A-4BEA-9D15-AC1B4DEA9406}.Release|Any CPU.ActiveCfg = Release|Any CPU
		{39F8C2AC-9E1A-4BEA-9D15-AC1B4DEA9406}.Release|Any CPU.Build.0 = Release|Any CPU
	EndGlobalSection
	GlobalSection(SolutionProperties) = preSolution
		HideSolutionNode = FALSE
	EndGlobalSection
	GlobalSection(ExtensibilityGlobals) = postSolution
		SolutionGuid = {619C6C8A-D308-4B33-B1E2-386C238279B2}
	EndGlobalSection
EndGlobal
